hash: 8a8182c7a7f210fc8e39bcd3bbbcb848e38cfa99a05b2869dc40d40cb348efa5
updated: 2016-09-08T13:02:09.494776242+09:00
imports:
- name: github.com/alecthomas/template
  version: 5dafe38db1df88aff5184788a085d40ae65bb563
  subpackages:
  - parse
- name: github.com/alecthomas/units
  version: 5dafe38db1df88aff5184788a085d40ae65bb563
- name: github.com/mattn/go-runewidth
  version: 5dafe38db1df88aff5184788a085d40ae65bb563
- name: github.com/najeira/ltsv
  version: 5dafe38db1df88aff5184788a085d40ae65bb563
- name: github.com/olekukonko/tablewriter
  version: 5dafe38db1df88aff5184788a085d40ae65bb563
- name: github.com/tkuchiki/go-timezone
  version: 5dafe38db1df88aff5184788a085d40ae65bb563
- name: github.com/tkuchiki/parsetime
  version: 5dafe38db1df88aff5184788a085d40ae65bb563
- name: gopkg.in/alecthomas/kingpin.v2
  version: 5dafe38db1df88aff5184788a085d40ae65bb563
- name: gopkg.in/yaml.v2
  version: 5dafe38db1df88aff5184788a085d40ae65bb563
devImports: []
